# This file is autogenerated, do not edit; changes may be undone by the next 'dep ensure'.


[[projects]]
  name = "github.com/PuerkitoBio/purell"
  packages = ["."]
  revision = "0bcb03f4b4d0a9428594752bd2a3b9aa0a9d4bd4"
  version = "v1.1.0"

[[projects]]
  branch = "master"
  name = "github.com/PuerkitoBio/urlesc"
  packages = ["."]
  revision = "de5bf2ad457846296e2031421a34e2568e304e35"

[[projects]]
  name = "github.com/apache/thrift"
  packages = ["lib/go/thrift"]
  revision = "b2a4d4ae21c789b689dd162deb819665567f481c"
  version = "0.10.0"

[[projects]]
  branch = "master"
  name = "github.com/beorn7/perks"
  packages = ["quantile"]
  revision = "4c0e84591b9aa9e6dcfdf3e020114cd81f89d5f9"

[[projects]]
  branch = "master"
  name = "github.com/codahale/hdrhistogram"
  packages = ["."]
  revision = "3a0bb77429bd3a61596f5e8a3172445844342120"

[[projects]]
  name = "github.com/davecgh/go-spew"
  packages = ["spew"]
  revision = "346938d642f2ec3594ed81d874461961cd0faa76"
  version = "v1.1.0"

[[projects]]
  name = "github.com/fsnotify/fsnotify"
  packages = ["."]
  revision = "629574ca2a5df945712d3079857300b5e4da0236"
  version = "v1.4.2"

[[projects]]
  branch = "master"
  name = "github.com/go-openapi/jsonpointer"
  packages = ["."]
  revision = "779f45308c19820f1a69e9a4cd965f496e0da10f"

[[projects]]
  branch = "master"
  name = "github.com/go-openapi/jsonreference"
  packages = ["."]
  revision = "36d33bfe519efae5632669801b180bf1a245da3b"

[[projects]]
  branch = "master"
  name = "github.com/go-openapi/spec"
  packages = ["."]
  revision = "fa03337d7da5735229ee8f5e9d5d0b996014b7f8"

[[projects]]
  branch = "master"
  name = "github.com/go-openapi/swag"
  packages = ["."]
  revision = "cf0bdb963811675a4d7e74901cefc7411a1df939"

[[projects]]
  name = "github.com/go-playground/locales"
  packages = [
    ".",
    "currency"
  ]
  revision = "e4cbcb5d0652150d40ad0646651076b6bd2be4f6"
  version = "v0.11.2"

[[projects]]
  name = "github.com/go-playground/universal-translator"
  packages = ["."]
  revision = "b32fa301c9fe55953584134cb6853a13c87ec0a1"
  version = "v0.16.0"

[[projects]]
  name = "github.com/golang/glog"
  packages = ["."]
  revision = "44145f04b68cf362d9c4df2182967c2275eaefed"

[[projects]]
  branch = "master"
  name = "github.com/golang/protobuf"
  packages = ["proto"]
  revision = "1e59b77b52bf8e4b449a57e6f79f21226d571845"

[[projects]]
  branch = "master"
  name = "github.com/hashicorp/hcl"
  packages = [
    ".",
    "hcl/ast",
    "hcl/parser",
    "hcl/scanner",
    "hcl/strconv",
    "hcl/token",
    "json/parser",
    "json/scanner",
    "json/token"
  ]
  revision = "23c074d0eceb2b8a5bfdbb271ab780cde70f05a8"

[[projects]]
  name = "github.com/inconshreveable/mousetrap"
  packages = ["."]
  revision = "76626ae9c91c4f2a10f34cad8ce83ea42c93bb75"
  version = "v1.0"

[[projects]]
  name = "github.com/magiconair/properties"
  packages = ["."]
  revision = "be5ece7dd465ab0765a9682137865547526d1dfb"
  version = "v1.7.3"

[[projects]]
  branch = "master"
  name = "github.com/mailru/easyjson"
  packages = [
    "buffer",
    "jlexer",
    "jwriter"
  ]
  revision = "32fa128f234d041f196a9f3e0fea5ac9772c08e1"

[[projects]]
  name = "github.com/matttproud/golang_protobuf_extensions"
  packages = ["pbutil"]
  revision = "3247c84500bff8d9fb6d579d800f20b3e091582c"
  version = "v1.0.0"

[[projects]]
  branch = "master"
  name = "github.com/mitchellh/mapstructure"
  packages = ["."]
  revision = "06020f85339e21b2478f756a78e295255ffa4d6a"

[[projects]]
  name = "github.com/opentracing/opentracing-go"
  packages = [
    ".",
    "ext",
    "log"
  ]
  revision = "1949ddbfd147afd4d964a9f00b24eb291e0e7c38"
  version = "v1.0.2"

[[projects]]
  name = "github.com/pelletier/go-toml"
  packages = ["."]
  revision = "16398bac157da96aa88f98a2df640c7f32af1da2"
  version = "v1.0.1"

[[projects]]
  name = "github.com/pmezard/go-difflib"
  packages = ["difflib"]
  revision = "792786c7400a136282c1664665ae0a8db921c6c2"
  version = "v1.0.0"

[[projects]]
  name = "github.com/prometheus/client_golang"
  packages = [
    "prometheus",
    "prometheus/promhttp"
  ]
  revision = "c5b7fccd204277076155f10851dad72b76a49317"
  version = "v0.8.0"

[[projects]]
  branch = "master"
  name = "github.com/prometheus/client_model"
  packages = ["go"]
  revision = "99fa1f4be8e564e8a6b613da7fa6f46c9edafc6c"

[[projects]]
  branch = "master"
  name = "github.com/prometheus/common"
  packages = [
    "expfmt",
    "internal/bitbucket.org/ww/goautoneg",
    "model"
  ]
  revision = "2e54d0b93cba2fd133edc32211dcc32c06ef72ca"

[[projects]]
  branch = "master"
  name = "github.com/prometheus/procfs"
  packages = [
    ".",
    "xfs"
  ]
  revision = "f98634e408857669d61064b283c4cde240622865"

[[projects]]
  name = "github.com/spf13/afero"
  packages = [
    ".",
    "mem"
  ]
  revision = "8d919cbe7e2627e417f3e45c3c0e489a5b7e2536"
  version = "v1.0.0"

[[projects]]
  name = "github.com/spf13/cast"
  packages = ["."]
  revision = "acbeb36b902d72a7a4c18e8f3241075e7ab763e4"
  version = "v1.1.0"

[[projects]]
  name = "github.com/spf13/cobra"
  packages = ["."]
  revision = "7b2c5ac9fc04fc5efafb60700713d4fa609b777b"
  version = "v0.0.1"

[[projects]]
  branch = "master"
  name = "github.com/spf13/jwalterweatherman"
  packages = ["."]
  revision = "12bd96e66386c1960ab0f74ced1362f66f552f7b"

[[projects]]
  branch = "master"
  name = "github.com/spf13/pflag"
  packages = ["."]
  revision = "4c012f6dcd9546820e378d0bdda4d8fc772cdfea"

[[projects]]
  name = "github.com/spf13/viper"
  packages = ["."]
  revision = "25b30aa063fc18e48662b86996252eabdcf2f0c7"
  version = "v1.0.0"

[[projects]]
  name = "github.com/stretchr/testify"
  packages = ["assert"]
  revision = "69483b4bd14f5845b5a1e55bca19e954e827f1d0"
  version = "v1.1.4"

[[projects]]
  name = "github.com/uber/jaeger-client-go"
  packages = [
    ".",
    "config",
    "internal/baggage",
    "internal/baggage/remote",
    "internal/spanlog",
    "log",
    "rpcmetrics",
    "thrift-gen/agent",
    "thrift-gen/baggage",
    "thrift-gen/jaeger",
    "thrift-gen/sampling",
    "thrift-gen/zipkincore",
    "utils"
  ]
  revision = "ff3efa227b65e419701a4f48985379ca106a89e7"
  version = "v2.11.0"

[[projects]]
  name = "github.com/uber/jaeger-lib"
  packages = ["metrics"]
  revision = "c48167d9cae5887393dd5e61efd06a4a48b7fbb3"
  version = "v1.2.1"

[[projects]]
  branch = "master"
  name = "golang.org/x/net"
  packages = [
    "context",
    "idna"
  ]
  revision = "a8b9294777976932365dabb6640cf1468d95c70f"

[[projects]]
  branch = "master"
  name = "golang.org/x/sys"
  packages = ["unix"]
  revision = "bf42f188b9bc6f2cf5b8ee5a912ef1aedd0eba4c"

[[projects]]
  branch = "master"
  name = "golang.org/x/text"
  packages = [
    "collate",
    "collate/build",
    "internal/colltab",
    "internal/gen",
    "internal/tag",
    "internal/triegen",
    "internal/ucd",
    "language",
    "secure/bidirule",
    "transform",
    "unicode/bidi",
    "unicode/cldr",
    "unicode/norm",
    "unicode/rangetable",
    "width"
  ]
  revision = "88f656faf3f37f690df1a32515b479415e1a6769"

[[projects]]
  name = "gopkg.in/go-playground/validator.v9"
  packages = ["."]
  revision = "61caf9d3038e1af346dbf5c2e16f6678e1548364"
  version = "v9.9.0"

[[projects]]
  branch = "v2"
  name = "gopkg.in/yaml.v2"
  packages = ["."]
  revision = "eb3733d160e74a9c7e442f435eb3bea458e1d19f"

[[projects]]
  branch = "master"
  name = "k8s.io/gengo"
  packages = [
    "args",
    "generator",
    "namer",
    "parser",
    "types"
  ]
  revision = "b58fc7edb82e0c6ffc9b8aef61813c7261b785d4"

[solve-meta]
  analyzer-name = "dep"
  analyzer-version = 1
  inputs-digest = "25ec99015aeae454f250422ffcb41f7709e6a32287f8a9151e1c7532940d39b1"
  solver-name = "gps-cdcl"
  solver-version = 1
